---
path: ".gem_rbs_collection"
gems:
- name: date
  version: '0'
  source:
    type: stdlib
- name: dbm
  version: '0'
  source:
    type: stdlib
- name: minitest
  version: '0'
  source:
    type: stdlib
- name: mutex_m
  version: '0'
  source:
    type: stdlib
- name: optparse
  version: '0'
  source:
    type: stdlib
- name: pathname
  version: '0'
  source:
    type: stdlib
- name: pstore
  version: '0'
  source:
    type: stdlib
- name: psych
  version: '0'
  source:
    type: stdlib
- name: time
  version: '0'
  source:
    type: stdlib
- name: yaml
  version: '0'
  source:
    type: stdlib
gemfile_lock_path: Gemfile.lock
